// !$*UTF8*$!
{
	archiveVersion = 1;
	classes = {
	};
	objectVersion = 56;
	objects = {

/* Begin PBXBuildFile section */
		5FCEAF1C2A29FC9400A45964 /* AppDelegate.swift in Sources */ = {isa = PBXBuildFile; fileRef = 5FCEAF1B2A29FC9400A45964 /* AppDelegate.swift */; };
		5FCEAF1E2A29FC9400A45964 /* SceneDelegate.swift in Sources */ = {isa = PBXBuildFile; fileRef = 5FCEAF1D2A29FC9400A45964 /* SceneDelegate.swift */; };
		5FCEAF202A29FC9400A45964 /* ViewController.swift in Sources */ = {isa = PBXBuildFile; fileRef = 5FCEAF1F2A29FC9400A45964 /* ViewController.swift */; };
		5FCEAF232A29FC9400A45964 /* Main.storyboard in Resources */ = {isa = PBXBuildFile; fileRef = 5FCEAF212A29FC9400A45964 /* Main.storyboard */; };
		5FCEAF252A29FC9500A45964 /* Assets.xcassets in Resources */ = {isa = PBXBuildFile; fileRef = 5FCEAF242A29FC9500A45964 /* Assets.xcassets */; };
		5FCEAF282A29FC9500A45964 /* LaunchScreen.storyboard in Resources */ = {isa = PBXBuildFile; fileRef = 5FCEAF262A29FC9500A45964 /* LaunchScreen.storyboard */; };
		5FCEAF332A29FC9500A45964 /* AssignmentTests.swift in Sources */ = {isa = PBXBuildFile; fileRef = 5FCEAF322A29FC9500A45964 /* AssignmentTests.swift */; };
		5FCEAF3D2A29FC9500A45964 /* AssignmentUITests.swift in Sources */ = {isa = PBXBuildFile; fileRef = 5FCEAF3C2A29FC9500A45964 /* AssignmentUITests.swift */; };
		5FCEAF3F2A29FC9500A45964 /* AssignmentUITestsLaunchTests.swift in Sources */ = {isa = PBXBuildFile; fileRef = 5FCEAF3E2A29FC9500A45964 /* AssignmentUITestsLaunchTests.swift */; };
		5FCEAF4C2A29FF4400A45964 /* ViewModel.swift in Sources */ = {isa = PBXBuildFile; fileRef = 5FCEAF4B2A29FF4400A45964 /* ViewModel.swift */; };
		5FCEAF4E2A29FF5600A45964 /* Model.swift in Sources */ = {isa = PBXBuildFile; fileRef = 5FCEAF4D2A29FF5600A45964 /* Model.swift */; };
		5FCEAF532A2A075900A45964 /* CustomTableViewCell.swift in Sources */ = {isa = PBXBuildFile; fileRef = 5FCEAF512A2A075900A45964 /* CustomTableViewCell.swift */; };
		5FCEAF542A2A075900A45964 /* CustomTableViewCell.xib in Resources */ = {isa = PBXBuildFile; fileRef = 5FCEAF522A2A075900A45964 /* CustomTableViewCell.xib */; };
/* End PBXBuildFile section */

/* Begin PBXContainerItemProxy section */
		5FCEAF2F2A29FC9500A45964 /* PBXContainerItemProxy */ = {
			isa = PBXContainerItemProxy;
			containerPortal = 5FCEAF102A29FC9400A45964 /* Project object */;
			proxyType = 1;
			remoteGlobalIDString = 5FCEAF172A29FC9400A45964;
			remoteInfo = Assignment;
		};
		5FCEAF392A29FC9500A45964 /* PBXContainerItemProxy */ = {
			isa = PBXContainerItemProxy;
			containerPortal = 5FCEAF102A29FC9400A45964 /* Project object */;
			proxyType = 1;
			remoteGlobalIDString = 5FCEAF172A29FC9400A45964;
			remoteInfo = Assignment;
		};
/* End PBXContainerItemProxy section */

/* Begin PBXFileReference section */
		5FCEAF182A29FC9400A45964 /* Assignment.app */ = {isa = PBXFileReference; explicitFileType = wrapper.application; includeInIndex = 0; path = Assignment.app; sourceTree = BUILT_PRODUCTS_DIR; };
		5FCEAF1B2A29FC9400A45964 /* AppDelegate.swift */ = {isa = PBXFileReference; lastKnownFileType = sourcecode.swift; path = AppDelegate.swift; sourceTree = "<group>"; };
		5FCEAF1D2A29FC9400A45964 /* SceneDelegate.swift */ = {isa = PBXFileReference; lastKnownFileType = sourcecode.swift; path = SceneDelegate.swift; sourceTree = "<group>"; };
		5FCEAF1F2A29FC9400A45964 /* ViewController.swift */ = {isa = PBXFileReference; lastKnownFileType = sourcecode.swift; path = ViewController.swift; sourceTree = "<group>"; };
		5FCEAF222A29FC9400A45964 /* Base */ = {isa = PBXFileReference; lastKnownFileType = file.storyboard; name = Base; path = Base.lproj/Main.storyboard; sourceTree = "<group>"; };
		5FCEAF242A29FC9500A45964 /* Assets.xcassets */ = {isa = PBXFileReference; lastKnownFileType = folder.assetcatalog; path = Assets.xcassets; sourceTree = "<group>"; };
		5FCEAF272A29FC9500A45964 /* Base */ = {isa = PBXFileReference; lastKnownFileType = file.storyboard; name = Base; path = Base.lproj/LaunchScreen.storyboard; sourceTree = "<group>"; };
		5FCEAF292A29FC9500A45964 /* Info.plist */ = {isa = PBXFileReference; lastKnownFileType = text.plist.xml; path = Info.plist; sourceTree = "<group>"; };
		5FCEAF2E2A29FC9500A45964 /* AssignmentTests.xctest */ = {isa = PBXFileReference; explicitFileType = wrapper.cfbundle; includeInIndex = 0; path = AssignmentTests.xctest; sourceTree = BUILT_PRODUCTS_DIR; };
		5FCEAF322A29FC9500A45964 /* AssignmentTests.swift */ = {isa = PBXFileReference; lastKnownFileType = sourcecode.swift; path = AssignmentTests.swift; sourceTree = "<group>"; };
		5FCEAF382A29FC9500A45964 /* AssignmentUITests.xctest */ = {isa = PBXFileReference; explicitFileType = wrapper.cfbundle; includeInIndex = 0; path = AssignmentUITests.xctest; sourceTree = BUILT_PRODUCTS_DIR; };
		5FCEAF3C2A29FC9500A45964 /* AssignmentUITests.swift */ = {isa = PBXFileReference; lastKnownFileType = sourcecode.swift; path = AssignmentUITests.swift; sourceTree = "<group>"; };
		5FCEAF3E2A29FC9500A45964 /* AssignmentUITestsLaunchTests.swift */ = {isa = PBXFileReference; lastKnownFileType = sourcecode.swift; path = AssignmentUITestsLaunchTests.swift; sourceTree = "<group>"; };
		5FCEAF4B2A29FF4400A45964 /* ViewModel.swift */ = {isa = PBXFileReference; lastKnownFileType = sourcecode.swift; path = ViewModel.swift; sourceTree = "<group>"; };
		5FCEAF4D2A29FF5600A45964 /* Model.swift */ = {isa = PBXFileReference; lastKnownFileType = sourcecode.swift; path = Model.swift; sourceTree = "<group>"; };
		5FCEAF512A2A075900A45964 /* CustomTableViewCell.swift */ = {isa = PBXFileReference; lastKnownFileType = sourcecode.swift; path = CustomTableViewCell.swift; sourceTree = "<group>"; };
		5FCEAF522A2A075900A45964 /* CustomTableViewCell.xib */ = {isa = PBXFileReference; lastKnownFileType = file.xib; path = CustomTableViewCell.xib; sourceTree = "<group>"; };
/* End PBXFileReference section */

/* Begin PBXFrameworksBuildPhase section */
		5FCEAF152A29FC9400A45964 /* Frameworks */ = {
			isa = PBXFrameworksBuildPhase;
			buildActionMask = 2147483647;
			files = (
			);
			runOnlyForDeploymentPostprocessing = 0;
		};
		5FCEAF2B2A29FC9500A45964 /* Frameworks */ = {
			isa = PBXFrameworksBuildPhase;
			buildActionMask = 2147483647;
			files = (
			);
			runOnlyForDeploymentPostprocessing = 0;
		};
		5FCEAF352A29FC9500A45964 /* Frameworks */ = {
			isa = PBXFrameworksBuildPhase;
			buildActionMask = 2147483647;
			files = (
			);
			runOnlyForDeploymentPostprocessing = 0;
		};
/* End PBXFrameworksBuildPhase section */

/* Begin PBXGroup section */
		5FCEAF0F2A29FC9400A45964 = {
			isa = PBXGroup;
			children = (
				5FCEAF1A2A29FC9400A45964 /* Assignment */,
				5FCEAF312A29FC9500A45964 /* AssignmentTests */,
				5FCEAF3B2A29FC9500A45964 /* AssignmentUITests */,
				5FCEAF192A29FC9400A45964 /* Products */,
			);
			sourceTree = "<group>";
		};
		5FCEAF192A29FC9400A45964 /* Products */ = {
			isa = PBXGroup;
			children = (
				5FCEAF182A29FC9400A45964 /* Assignment.app */,
				5FCEAF2E2A29FC9500A45964 /* AssignmentTests.xctest */,
				5FCEAF382A29FC9500A45964 /* AssignmentUITests.xctest */,
			);
			name = Products;
			sourceTree = "<group>";
		};
		5FCEAF1A2A29FC9400A45964 /* Assignment */ = {
			isa = PBXGroup;
			children = (
				5FCEAF1B2A29FC9400A45964 /* AppDelegate.swift */,
				5FCEAF1D2A29FC9400A45964 /* SceneDelegate.swift */,
				5FCEAF4B2A29FF4400A45964 /* ViewModel.swift */,
				5FCEAF512A2A075900A45964 /* CustomTableViewCell.swift */,
				5FCEAF522A2A075900A45964 /* CustomTableViewCell.xib */,
				5FCEAF4D2A29FF5600A45964 /* Model.swift */,
				5FCEAF1F2A29FC9400A45964 /* ViewController.swift */,
				5FCEAF212A29FC9400A45964 /* Main.storyboard */,
				5FCEAF242A29FC9500A45964 /* Assets.xcassets */,
				5FCEAF262A29FC9500A45964 /* LaunchScreen.storyboard */,
				5FCEAF292A29FC9500A45964 /* Info.plist */,
			);
			path = Assignment;
			sourceTree = "<group>";
		};
		5FCEAF312A29FC9500A45964 /* AssignmentTests */ = {
			isa = PBXGroup;
			children = (
				5FCEAF322A29FC9500A45964 /* AssignmentTests.swift */,
			);
			path = AssignmentTests;
			sourceTree = "<group>";
		};
		5FCEAF3B2A29FC9500A45964 /* AssignmentUITests */ = {
			isa = PBXGroup;
			children = (
				5FCEAF3C2A29FC9500A45964 /* AssignmentUITests.swift */,
				5FCEAF3E2A29FC9500A45964 /* AssignmentUITestsLaunchTests.swift */,
			);
			path = AssignmentUITests;
			sourceTree = "<group>";
		};
/* End PBXGroup section */

/* Begin PBXNativeTarget section */
		5FCEAF172A29FC9400A45964 /* Assignment */ = {
			isa = PBXNativeTarget;
			buildConfigurationList = 5FCEAF422A29FC9500A45964 /* Build configuration list for PBXNativeTarget "Assignment" */;
			buildPhases = (
				5FCEAF142A29FC9400A45964 /* Sources */,
				5FCEAF152A29FC9400A45964 /* Frameworks */,
				5FCEAF162A29FC9400A45964 /* Resources */,
			);
			buildRules = (
			);
			dependencies = (
			);
			name = Assignment;
			productName = Assignment;
			productReference = 5FCEAF182A29FC9400A45964 /* Assignment.app */;
			productType = "com.apple.product-type.application";
		};
		5FCEAF2D2A29FC9500A45964 /* AssignmentTests */ = {
			isa = PBXNativeTarget;
			buildConfigurationList = 5FCEAF452A29FC9500A45964 /* Build configuration list for PBXNativeTarget "AssignmentTests" */;
			buildPhases = (
				5FCEAF2A2A29FC9500A45964 /* Sources */,
				5FCEAF2B2A29FC9500A45964 /* Frameworks */,
				5FCEAF2C2A29FC9500A45964 /* Resources */,
			);
			buildRules = (
			);
			dependencies = (
				5FCEAF302A29FC9500A45964 /* PBXTargetDependency */,
			);
			name = AssignmentTests;
			productName = AssignmentTests;
			productReference = 5FCEAF2E2A29FC9500A45964 /* AssignmentTests.xctest */;
			productType = "com.apple.product-type.bundle.unit-test";
		};
		5FCEAF372A29FC9500A45964 /* AssignmentUITests */ = {
			isa = PBXNativeTarget;
			buildConfigurationList = 5FCEAF482A29FC9500A45964 /* Build configuration list for PBXNativeTarget "AssignmentUITests" */;
			buildPhases = (
				5FCEAF342A29FC9500A45964 /* Sources */,
				5FCEAF352A29FC9500A45964 /* Frameworks */,
				5FCEAF362A29FC9500A45964 /* Resources */,
			);
			buildRules = (
			);
			dependencies = (
				5FCEAF3A2A29FC9500A45964 /* PBXTargetDependency */,
			);
			name = AssignmentUITests;
			productName = AssignmentUITests;
			productReference = 5FCEAF382A29FC9500A45964 /* AssignmentUITests.xctest */;
			productType = "com.apple.product-type.bundle.ui-testing";
		};
/* End PBXNativeTarget section */

/* Begin PBXProject section */
		5FCEAF102A29FC9400A45964 /* Project object */ = {
			isa = PBXProject;
			attributes = {
				BuildIndependentTargetsInParallel = 1;
				LastSwiftUpdateCheck = 1430;
				LastUpgradeCheck = 1430;
				TargetAttributes = {
					5FCEAF172A29FC9400A45964 = {
						CreatedOnToolsVersion = 14.3.1;
					};
					5FCEAF2D2A29FC9500A45964 = {
						CreatedOnToolsVersion = 14.3.1;
						TestTargetID = 5FCEAF172A29FC9400A45964;
					};
					5FCEAF372A29FC9500A45964 = {
						CreatedOnToolsVersion = 14.3.1;
						TestTargetID = 5FCEAF172A29FC9400A45964;
					};
				};
			};
			buildConfigurationList = 5FCEAF132A29FC9400A45964 /* Build configuration list for PBXProject "Assignment" */;
			compatibilityVersion = "Xcode 14.0";
			developmentRegion = en;
			hasScannedForEncodings = 0;
			knownRegions = (
				en,
				Base,
			);
			mainGroup = 5FCEAF0F2A29FC9400A45964;
			productRefGroup = 5FCEAF192A29FC9400A45964 /* Products */;
			projectDirPath = "";
			projectRoot = "";
			targets = (
				5FCEAF172A29FC9400A45964 /* Assignment */,
				5FCEAF2D2A29FC9500A45964 /* AssignmentTests */,
				5FCEAF372A29FC9500A45964 /* AssignmentUITests */,
			);
		};
/* End PBXProject section */

/* Begin PBXResourcesBuildPhase section */
		5FCEAF162A29FC9400A45964 /* Resources */ = {
			isa = PBXResourcesBuildPhase;
			buildActionMask = 2147483647;
			files = (
				5FCEAF282A29FC9500A45964 /* LaunchScreen.storyboard in Resources */,
				5FCEAF252A29FC9500A45964 /* Assets.xcassets in Resources */,
				5FCEAF542A2A075900A45964 /* CustomTableViewCell.xib in Resources */,
				5FCEAF232A29FC9400A45964 /* Main.storyboard in Resources */,
			);
			runOnlyForDeploymentPostprocessing = 0;
		};
		5FCEAF2C2A29FC9500A45964 /* Resources */ = {
			isa = PBXResourcesBuildPhase;
			buildActionMask = 2147483647;
			files = (
			);
			runOnlyForDeploymentPostprocessing = 0;
		};
		5FCEAF362A29FC9500A45964 /* Resources */ = {
			isa = PBXResourcesBuildPhase;
			buildActionMask = 2147483647;
			files = (
			);
			runOnlyForDeploymentPostprocessing = 0;
		};
/* End PBXResourcesBuildPhase section */

/* Begin PBXSourcesBuildPhase section */
		5FCEAF142A29FC9400A45964 /* Sources */ = {
			isa = PBXSourcesBuildPhase;
			buildActionMask = 2147483647;
			files = (
				5FCEAF532A2A075900A45964 /* CustomTableViewCell.swift in Sources */,
				5FCEAF4E2A29FF5600A45964 /* Model.swift in Sources */,
				5FCEAF202A29FC9400A45964 /* ViewController.swift in Sources */,
				5FCEAF1C2A29FC9400A45964 /* AppDelegate.swift in Sources */,
				5FCEAF4C2A29FF4400A45964 /* ViewModel.swift in Sources */,
				5FCEAF1E2A29FC9400A45964 /* SceneDelegate.swift in Sources */,
			);
			runOnlyForDeploymentPostprocessing = 0;
		};
		5FCEAF2A2A29FC9500A45964 /* Sources */ = {
			isa = PBXSourcesBuildPhase;
			buildActionMask = 2147483647;
			files = (
				5FCEAF332A29FC9500A45964 /* AssignmentTests.swift in Sources */,
			);
			runOnlyForDeploymentPostprocessing = 0;
		};
		5FCEAF342A29FC9500A45964 /* Sources */ = {
			isa = PBXSourcesBuildPhase;
			buildActionMask = 2147483647;
			files = (
				5FCEAF3D2A29FC9500A45964 /* AssignmentUITests.swift in Sources */,
				5FCEAF3F2A29FC9500A45964 /* AssignmentUITestsLaunchTests.swift in Sources */,
			);
			runOnlyForDeploymentPostprocessing = 0;
		};
/* End PBXSourcesBuildPhase section */

/* Begin PBXTargetDependency section */
		5FCEAF302A29FC9500A45964 /* PBXTargetDependency */ = {
			isa = PBXTargetDependency;
			target = 5FCEAF172A29FC9400A45964 /* Assignment */;
			targetProxy = 5FCEAF2F2A29FC9500A45964 /* PBXContainerItemProxy */;
		};
		5FCEAF3A2A29FC9500A45964 /* PBXTargetDependency */ = {
			isa = PBXTargetDependency;
			target = 5FCEAF172A29FC9400A45964 /* Assignment */;
			targetProxy = 5FCEAF392A29FC9500A45964 /* PBXContainerItemProxy */;
		};
/* End PBXTargetDependency section */

/* Begin PBXVariantGroup section */
		5FCEAF212A29FC9400A45964 /* Main.storyboard */ = {
			isa = PBXVariantGroup;
			children = (
				5FCEAF222A29FC9400A45964 /* Base */,
			);
			name = Main.storyboard;
			sourceTree = "<group>";
		};
		5FCEAF262A29FC9500A45964 /* LaunchScreen.storyboard */ = {
			isa = PBXVariantGroup;
			children = (
				5FCEAF272A29FC9500A45964 /* Base */,
			);
			name = LaunchScreen.storyboard;
			sourceTree = "<group>";
		};
/* End PBXVariantGroup section */

/* Begin XCBuildConfiguration section */
		5FCEAF402A29FC9500A45964 /* Debug */ = {
			isa = XCBuildConfiguration;
			buildSettings = {
				ALWAYS_SEARCH_USER_PATHS = NO;
				CLANG_ANALYZER_NONNULL = YES;
				CLANG_ANALYZER_NUMBER_OBJECT_CONVERSION = YES_AGGRESSIVE;
				CLANG_CXX_LANGUAGE_STANDARD = "gnu++20";
				CLANG_ENABLE_MODULES = YES;
				CLANG_ENABLE_OBJC_ARC = YES;
				CLANG_ENABLE_OBJC_WEAK = YES;
				CLANG_WARN_BLOCK_CAPTURE_AUTORELEASING = YES;
				CLANG_WARN_BOOL_CONVERSION = YES;
				CLANG_WARN_COMMA = YES;
				CLANG_WARN_CONSTANT_CONVERSION = YES;
				CLANG_WARN_DEPRECATED_OBJC_IMPLEMENTATIONS = YES;
				CLANG_WARN_DIRECT_OBJC_ISA_USAGE = YES_ERROR;
				CLANG_WARN_DOCUMENTATION_COMMENTS = YES;
				CLANG_WARN_EMPTY_BODY = YES;
				CLANG_WARN_ENUM_CONVERSION = YES;
				CLANG_WARN_INFINITE_RECURSION = YES;
				CLANG_WARN_INT_CONVERSION = YES;
				CLANG_WARN_NON_LITERAL_NULL_CONVERSION = YES;
				CLANG_WARN_OBJC_IMPLICIT_RETAIN_SELF = YES;
				CLANG_WARN_OBJC_LITERAL_CONVERSION = YES;
				CLANG_WARN_OBJC_ROOT_CLASS = YES_ERROR;
				CLANG_WARN_QUOTED_INCLUDE_IN_FRAMEWORK_HEADER = YES;
				CLANG_WARN_RANGE_LOOP_ANALYSIS = YES;
				CLANG_WARN_STRICT_PROTOTYPES = YES;
				CLANG_WARN_SUSPICIOUS_MOVE = YES;
				CLANG_WARN_UNGUARDED_AVAILABILITY = YES_AGGRESSIVE;
				CLANG_WARN_UNREACHABLE_CODE = YES;
				CLANG_WARN__DUPLICATE_METHOD_MATCH = YES;
				COPY_PHASE_STRIP = NO;
				DEBUG_INFORMATION_FORMAT = dwarf;
				ENABLE_STRICT_OBJC_MSGSEND = YES;
				ENABLE_TESTABILITY = YES;
				GCC_C_LANGUAGE_STANDARD = gnu11;
				GCC_DYNAMIC_NO_PIC = NO;
				GCC_NO_COMMON_BLOCKS = YES;
				GCC_OPTIMIZATION_LEVEL = 0;
				GCC_PREPROCESSOR_DEFINITIONS = (
					"DEBUG=1",
					"$(inherited)",
				);
				GCC_WARN_64_TO_32_BIT_CONVERSION = YES;
				GCC_WARN_ABOUT_RETURN_TYPE = YES_ERROR;
				GCC_WARN_UNDECLARED_SELECTOR = YES;
				GCC_WARN_UNINITIALIZED_AUTOS = YES_AGGRESSIVE;
				GCC_WARN_UNUSED_FUNCTION = YES;
				GCC_WARN_UNUSED_VARIABLE = YES;
				IPHONEOS_DEPLOYMENT_TARGET = 16.4;
				MTL_ENABLE_DEBUG_INFO = INCLUDE_SOURCE;
				MTL_FAST_MATH = YES;
				ONLY_ACTIVE_ARCH = YES;
				SDKROOT = iphoneos;
				SWIFT_ACTIVE_COMPILATION_CONDITIONS = DEBUG;
				SWIFT_OPTIMIZATION_LEVEL = "-Onone";
			};
			name = Debug;
		};
		5FCEAF412A29FC9500A45964 /* Release */ = {
			isa = XCBuildConfiguration;
			buildSettings = {
				ALWAYS_SEARCH_USER_PATHS = NO;
				CLANG_ANALYZER_NONNULL = YES;
				CLANG_ANALYZER_NUMBER_OBJECT_CONVERSION = YES_AGGRESSIVE;
				CLANG_CXX_LANGUAGE_STANDARD = "gnu++20";
				CLANG_ENABLE_MODULES = YES;
				CLANG_ENABLE_OBJC_ARC = YES;
				CLANG_ENABLE_OBJC_WEAK = YES;
				CLANG_WARN_BLOCK_CAPTURE_AUTORELEASING = YES;
				CLANG_WARN_BOOL_CONVERSION = YES;
				CLANG_WARN_COMMA = YES;
				CLANG_WARN_CONSTANT_CONVERSION = YES;
				CLANG_WARN_DEPRECATED_OBJC_IMPLEMENTATIONS = YES;
				CLANG_WARN_DIRECT_OBJC_ISA_USAGE = YES_ERROR;
				CLANG_WARN_DOCUMENTATION_COMMENTS = YES;
				CLANG_WARN_EMPTY_BODY = YES;
				CLANG_WARN_ENUM_CONVERSION = YES;
				CLANG_WARN_INFINITE_RECURSION = YES;
				CLANG_WARN_INT_CONVERSION = YES;
				CLANG_WARN_NON_LITERAL_NULL_CONVERSION = YES;
				CLANG_WARN_OBJC_IMPLICIT_RETAIN_SELF = YES;
				CLANG_WARN_OBJC_LITERAL_CONVERSION = YES;
				CLANG_WARN_OBJC_ROOT_CLASS = YES_ERROR;
				CLANG_WARN_QUOTED_INCLUDE_IN_FRAMEWORK_HEADER = YES;
				CLANG_WARN_RANGE_LOOP_ANALYSIS = YES;
				CLANG_WARN_STRICT_PROTOTYPES = YES;
				CLANG_WARN_SUSPICIOUS_MOVE = YES;
				CLANG_WARN_UNGUARDED_AVAILABILITY = YES_AGGRESSIVE;
				CLANG_WARN_UNREACHABLE_CODE = YES;
				CLANG_WARN__DUPLICATE_METHOD_MATCH = YES;
				COPY_PHASE_STRIP = NO;
				DEBUG_INFORMATION_FORMAT = "dwarf-with-dsym";
				ENABLE_NS_ASSERTIONS = NO;
				ENABLE_STRICT_OBJC_MSGSEND = YES;
				GCC_C_LANGUAGE_STANDARD = gnu11;
				GCC_NO_COMMON_BLOCKS = YES;
				GCC_WARN_64_TO_32_BIT_CONVERSION = YES;
				GCC_WARN_ABOUT_RETURN_TYPE = YES_ERROR;
				GCC_WARN_UNDECLARED_SELECTOR = YES;
				GCC_WARN_UNINITIALIZED_AUTOS = YES_AGGRESSIVE;
				GCC_WARN_UNUSED_FUNCTION = YES;
				GCC_WARN_UNUSED_VARIABLE = YES;
				IPHONEOS_DEPLOYMENT_TARGET = 16.4;
				MTL_ENABLE_DEBUG_INFO = NO;
				MTL_FAST_MATH = YES;
				SDKROOT = iphoneos;
				SWIFT_COMPILATION_MODE = wholemodule;
				SWIFT_OPTIMIZATION_LEVEL = "-O";
				VALIDATE_PRODUCT = YES;
			};
			name = Release;
		};
		5FCEAF432A29FC9500A45964 /* Debug */ = {
			isa = XCBuildConfiguration;
			buildSettings = {
				ASSETCATALOG_COMPILER_APPICON_NAME = AppIcon;
				ASSETCATALOG_COMPILER_GLOBAL_ACCENT_COLOR_NAME = AccentColor;
				CODE_SIGN_STYLE = Automatic;
				CURRENT_PROJECT_VERSION = 1;
				DEVELOPMENT_TEAM = RJZ6RM82KB;
				GENERATE_INFOPLIST_FILE = YES;
				INFOPLIST_FILE = Assignment/Info.plist;
				INFOPLIST_KEY_UIApplicationSupportsIndirectInputEvents = YES;
				INFOPLIST_KEY_UILaunchStoryboardName = LaunchScreen;
				INFOPLIST_KEY_UIMainStoryboardFile = Main;
				INFOPLIST_KEY_UISupportedInterfaceOrientations_iPad = "UIInterfaceOrientationPortrait UIInterfaceOrientationPortraitUpsideDown UIInterfaceOrientationLandscapeLeft UIInterfaceOrientationLandscapeRight";
				INFOPLIST_KEY_UISupportedInterfaceOrientations_iPhone = "UIInterfaceOrientationPortrait UIInterfaceOrientationLandscapeLeft UIInterfaceOrientationLandscapeRight";
				LD_RUNPATH_SEARCH_PATHS = (
					"$(inherited)",
					"@executable_path/Frameworks",
				);
				MARKETING_VERSION = 1.0;
				PRODUCT_BUNDLE_IDENTIFIER = AaryanJ.Assignment;
				PRODUCT_NAME = "$(TARGET_NAME)";
				SWIFT_EMIT_LOC_STRINGS = YES;
				SWIFT_VERSION = 5.0;
				TARGETED_DEVICE_FAMILY = "1,2";
			};
			name = Debug;
		};
		5FCEAF442A29FC9500A45964 /* Release */ = {
			isa = XCBuildConfiguration;
			buildSettings = {
				ASSETCATALOG_COMPILER_APPICON_NAME = AppIcon;
				ASSETCATALOG_COMPILER_GLOBAL_ACCENT_COLOR_NAME = AccentColor;
				CODE_SIGN_STYLE = Automatic;
				CURRENT_PROJECT_VERSION = 1;
				DEVELOPMENT_TEAM = RJZ6RM82KB;
				GENERATE_INFOPLIST_FILE = YES;
				INFOPLIST_FILE = Assignment/Info.plist;
				INFOPLIST_KEY_UIApplicationSupportsIndirectInputEvents = YES;
				INFOPLIST_KEY_UILaunchStoryboardName = LaunchScreen;
				INFOPLIST_KEY_UIMainStoryboardFile = Main;
				INFOPLIST_KEY_UISupportedInterfaceOrientations_iPad = "UIInterfaceOrientationPortrait UIInterfaceOrientationPortraitUpsideDown UIInterfaceOrientationLandscapeLeft UIInterfaceOrientationLandscapeRight";
				INFOPLIST_KEY_UISupportedInterfaceOrientations_iPhone = "UIInterfaceOrientationPortrait UIInterfaceOrientationLandscapeLeft UIInterfaceOrientationLandscapeRight";
				LD_RUNPATH_SEARCH_PATHS = (
					"$(inherited)",
					"@executable_path/Frameworks",
				);
				MARKETING_VERSION = 1.0;
				PRODUCT_BUNDLE_IDENTIFIER = AaryanJ.Assignment;
				PRODUCT_NAME = "$(TARGET_NAME)";
				SWIFT_EMIT_LOC_STRINGS = YES;
				SWIFT_VERSION = 5.0;
				TARGETED_DEVICE_FAMILY = "1,2";
			};
			name = Release;
		};
		5FCEAF462A29FC9500A45964 /* Debug */ = {
			isa = XCBuildConfiguration;
			buildSettings = {
				ALWAYS_EMBED_SWIFT_STANDARD_LIBRARIES = YES;
				BUNDLE_LOADER = "$(TEST_HOST)";
				CODE_SIGN_STYLE = Automatic;
				CURRENT_PROJECT_VERSION = 1;
				DEVELOPMENT_TEAM = RJZ6RM82KB;
				GENERATE_INFOPLIST_FILE = YES;
				IPHONEOS_DEPLOYMENT_TARGET = 16.4;
				MARKETING_VERSION = 1.0;
				PRODUCT_BUNDLE_IDENTIFIER = AaryanJ.AssignmentTests;
				PRODUCT_NAME = "$(TARGET_NAME)";
				SWIFT_EMIT_LOC_STRINGS = NO;
				SWIFT_VERSION = 5.0;
				TARGETED_DEVICE_FAMILY = "1,2";
				TEST_HOST = "$(BUILT_PRODUCTS_DIR)/Assignment.app/$(BUNDLE_EXECUTABLE_FOLDER_PATH)/Assignment";
			};
			name = Debug;
		};
		5FCEAF472A29FC9500A45964 /* Release */ = {
			isa = XCBuildConfiguration;
			buildSettings = {
				ALWAYS_EMBED_SWIFT_STANDARD_LIBRARIES = YES;
				BUNDLE_LOADER = "$(TEST_HOST)";
				CODE_SIGN_STYLE = Automatic;
				CURRENT_PROJECT_VERSION = 1;
				DEVELOPMENT_TEAM = RJZ6RM82KB;
				GENERATE_INFOPLIST_FILE = YES;
				IPHONEOS_DEPLOYMENT_TARGET = 16.4;
				MARKETING_VERSION = 1.0;
				PRODUCT_BUNDLE_IDENTIFIER = AaryanJ.AssignmentTests;
				PRODUCT_NAME = "$(TARGET_NAME)";
				SWIFT_EMIT_LOC_STRINGS = NO;
				SWIFT_VERSION = 5.0;
				TARGETED_DEVICE_FAMILY = "1,2";
				TEST_HOST = "$(BUILT_PRODUCTS_DIR)/Assignment.app/$(BUNDLE_EXECUTABLE_FOLDER_PATH)/Assignment";
			};
			name = Release;
		};
		5FCEAF492A29FC9500A45964 /* Debug */ = {
			isa = XCBuildConfiguration;
			buildSettings = {
				ALWAYS_EMBED_SWIFT_STANDARD_LIBRARIES = YES;
				CODE_SIGN_STYLE = Automatic;
				CURRENT_PROJECT_VERSION = 1;
				DEVELOPMENT_TEAM = RJZ6RM82KB;
				GENERATE_INFOPLIST_FILE = YES;
				MARKETING_VERSION = 1.0;
				PRODUCT_BUNDLE_IDENTIFIER = AaryanJ.AssignmentUITests;
				PRODUCT_NAME = "$(TARGET_NAME)";
				SWIFT_EMIT_LOC_STRINGS = NO;
				SWIFT_VERSION = 5.0;
				TARGETED_DEVICE_FAMILY = "1,2";
				TEST_TARGET_NAME = Assignment;
			};
			name = Debug;
		};
		5FCEAF4A2A29FC9500A45964 /* Release */ = {
			isa = XCBuildConfiguration;
			buildSettings = {
				ALWAYS_EMBED_SWIFT_STANDARD_LIBRARIES = YES;
				CODE_SIGN_STYLE = Automatic;
				CURRENT_PROJECT_VERSION = 1;
				DEVELOPMENT_TEAM = RJZ6RM82KB;
				GENERATE_INFOPLIST_FILE = YES;
				MARKETING_VERSION = 1.0;
				PRODUCT_BUNDLE_IDENTIFIER = AaryanJ.AssignmentUITests;
				PRODUCT_NAME = "$(TARGET_NAME)";
				SWIFT_EMIT_LOC_STRINGS = NO;
				SWIFT_VERSION = 5.0;
				TARGETED_DEVICE_FAMILY = "1,2";
				TEST_TARGET_NAME = Assignment;
			};
			name = Release;
		};
/* End XCBuildConfiguration section */

/* Begin XCConfigurationList section */
		5FCEAF132A29FC9400A45964 /* Build configuration list for PBXProject "Assignment" */ = {
			isa = XCConfigurationList;
			buildConfigurations = (
				5FCEAF402A29FC9500A45964 /* Debug */,
				5FCEAF412A29FC9500A45964 /* Release */,
			);
			defaultConfigurationIsVisible = 0;
			defaultConfigurationName = Release;
		};
		5FCEAF422A29FC9500A45964 /* Build configuration list for PBXNativeTarget "Assignment" */ = {
			isa = XCConfigurationList;
			buildConfigurations = (
				5FCEAF432A29FC9500A45964 /* Debug */,
				5FCEAF442A29FC9500A45964 /* Release */,
			);
			defaultConfigurationIsVisible = 0;
			defaultConfigurationName = Release;
		};
		5FCEAF452A29FC9500A45964 /* Build configuration list for PBXNativeTarget "AssignmentTests" */ = {
			isa = XCConfigurationList;
			buildConfigurations = (
				5FCEAF462A29FC9500A45964 /* Debug */,
				5FCEAF472A29FC9500A45964 /* Release */,
			);
			defaultConfigurationIsVisible = 0;
			defaultConfigurationName = Release;
		};
		5FCEAF482A29FC9500A45964 /* Build configuration list for PBXNativeTarget "AssignmentUITests" */ = {
			isa = XCConfigurationList;
			buildConfigurations = (
				5FCEAF492A29FC9500A45964 /* Debug */,
				5FCEAF4A2A29FC9500A45964 /* Release */,
			);
			defaultConfigurationIsVisible = 0;
			defaultConfigurationName = Release;
		};
/* End XCConfigurationList section */
	};
	rootObject = 5FCEAF102A29FC9400A45964 /* Project object */;
}
